
Microsoft Visual Studio Solution File, Format Version 12.00
# Visual Studio Version 16
VisualStudioVersion = 16.0.30621.155
MinimumVisualStudioVersion = 10.0.40219.1
Project("{9A19103F-16F7-4668-BE54-9A1E7A4F7556}") = "BlazorBattles.Server", "BlazorBattles\Server\BlazorBattles.Server.csproj", "{371B5F07-BFAD-4C91-A22F-CC8BDC9CCDBC}"
EndProject
Project("{9A19103F-16F7-4668-BE54-9A1E7A4F7556}") = "BlazorBattles.Client", "BlazorBattles\Client\BlazorBattles.Client.csproj", "{C77BA26E-845D-47DC-901E-900F564F3E8B}"
EndProject
Project("{9A19103F-16F7-4668-BE54-9A1E7A4F7556}") = "BlazorBattles.Shared", "BlazorBattles\Shared\BlazorBattles.Shared.csproj", "{37B1D525-4533-4192-B920-6BBA771E8150}"
EndProject
Global
	GlobalSection(SolutionConfigurationPlatforms) = preSolution
		Debug|Any CPU = Debug|Any CPU
		Release|Any CPU = Release|Any CPU
	EndGlobalSection
	GlobalSection(ProjectConfigurationPlatforms) = postSolution
		{371B5F07-BFAD-4C91-A22F-CC8BDC9CCDBC}.Debug|Any CPU.ActiveCfg = Debug|Any CPU
		{371B5F07-BFAD-4C91-A22F-CC8BDC9CCDBC}.Debug|Any CPU.Build.0 = Debug|Any CPU
		{371B5F07-BFAD-4C91-A22F-CC8BDC9CCDBC}.Release|Any CPU.ActiveCfg = Release|Any CPU
		{371B5F07-BFAD-4C91-A22F-CC8BDC9CCDBC}.Release|Any CPU.Build.0 = Release|Any CPU
		{C77BA26E-845D-47DC-901E-900F564F3E8B}.Debug|Any CPU.ActiveCfg = Debug|Any CPU
		{C77BA26E-845D-47DC-901E-900F564F3E8B}.Debug|Any CPU.Build.0 = Debug|Any CPU
		{C77BA26E-845D-47DC-901E-900F564F3E8B}.Release|Any CPU.ActiveCfg = Release|Any CPU
		{C77BA26E-845D-47DC-901E-900F564F3E8B}.Release|Any CPU.Build.0 = Release|Any CPU
		{37B1D525-4533-4192-B920-6BBA771E8150}.Debug|Any CPU.ActiveCfg = Debug|Any CPU
		{37B1D525-4533-4192-B920-6BBA771E8150}.Debug|Any CPU.Build.0 = Debug|Any CPU
		{37B1D525-4533-4192-B920-6BBA771E8150}.Release|Any CPU.ActiveCfg = Release|Any CPU
		{37B1D525-4533-4192-B920-6BBA771E8150}.Release|Any CPU.Build.0 = Release|Any CPU
	EndGlobalSection
	GlobalSection(SolutionProperties) = preSolution
		HideSolutionNode = FALSE
	EndGlobalSection
	GlobalSection(ExtensibilityGlobals) = postSolution
		SolutionGuid = {EDDF7338-94D5-48E5-BB4B-5D7ED9854CAE}
	EndGlobalSection
EndGlobal
